
Microsoft Visual Studio Solution File, Format Version 12.00
# Visual Studio Version 16
VisualStudioVersion = 16.0.31105.61
MinimumVisualStudioVersion = 10.0.40219.1
Project("{FAE04EC0-301F-11D3-BF4B-00C04F79EFBC}") = "AzureLearning", "AzureLearning\AzureLearning.csproj", "{DD7ECD86-8754-4EBC-9E11-0F352977827A}"
EndProject
Global
	GlobalSection(SolutionConfigurationPlatforms) = preSolution
		Debug|Any CPU = Debug|Any CPU
		Release|Any CPU = Release|Any CPU
	EndGlobalSection
	GlobalSection(ProjectConfigurationPlatforms) = postSolution
		{DD7ECD86-8754-4EBC-9E11-0F352977827A}.Debug|Any CPU.ActiveCfg = Debug|Any CPU
		{DD7ECD86-8754-4EBC-9E11-0F352977827A}.Debug|Any CPU.Build.0 = Debug|Any CPU
		{DD7ECD86-8754-4EBC-9E11-0F352977827A}.Release|Any CPU.ActiveCfg = Release|Any CPU
		{DD7ECD86-8754-4EBC-9E11-0F352977827A}.Release|Any CPU.Build.0 = Release|Any CPU
	EndGlobalSection
	GlobalSection(SolutionProperties) = preSolution
		HideSolutionNode = FALSE
	EndGlobalSection
	GlobalSection(ExtensibilityGlobals) = postSolution
		SolutionGuid = {2FF755F7-0B12-4828-A09B-421CDBA5550E}
	EndGlobalSection
EndGlobal
